
Microsoft Visual Studio Solution File, Format Version 12.00
# Visual Studio Version 17
VisualStudioVersion = 17.9.34714.143
MinimumVisualStudioVersion = 10.0.40219.1
Project("{FAE04EC0-301F-11D3-BF4B-00C04F79EFBC}") = "Notitia", "Notitia\Notitia.csproj", "{BEE6C0D0-8816-46EA-A643-835D2A787B15}"
EndProject
Global
	GlobalSection(SolutionConfigurationPlatforms) = preSolution
		Debug|Any CPU = Debug|Any CPU
		Release|Any CPU = Release|Any CPU
	EndGlobalSection
	GlobalSection(ProjectConfigurationPlatforms) = postSolution
		{BEE6C0D0-8816-46EA-A643-835D2A787B15}.Debug|Any CPU.ActiveCfg = Debug|Any CPU
		{BEE6C0D0-8816-46EA-A643-835D2A787B15}.Debug|Any CPU.Build.0 = Debug|Any CPU
		{BEE6C0D0-8816-46EA-A643-835D2A787B15}.Release|Any CPU.ActiveCfg = Release|Any CPU
		{BEE6C0D0-8816-46EA-A643-835D2A787B15}.Release|Any CPU.Build.0 = Release|Any CPU
	EndGlobalSection
	GlobalSection(SolutionProperties) = preSolution
		HideSolutionNode = FALSE
	EndGlobalSection
	GlobalSection(ExtensibilityGlobals) = postSolution
		SolutionGuid = {E7EFBDA1-F2CA-4AB0-BD91-CDC0BBFFC73F}
	EndGlobalSection
EndGlobal
